// !$*UTF8*$!
{
	archiveVersion = 1;
	classes = {
	};
	objectVersion = 77;
	objects = {

/* Begin PBXBuildFile section */
		F7A9C8292FA4E97900D1CA45 /* Markdown in Frameworks */ = {isa = PBXBuildFile; productRef = F7A9C8282FA4E97900D1CA45 /* Markdown */; };
		F7A9C82C2FA4E9B500D1CA45 /* CodeEditor in Frameworks */ = {isa = PBXBuildFile; productRef = F7A9C82B2FA4E9B500D1CA45 /* CodeEditor */; };
		F7A9C82F2FA4E9F800D1CA45 /* KeychainAccess in Frameworks */ = {isa = PBXBuildFile; productRef = F7A9C82E2FA4E9F800D1CA45 /* KeychainAccess */; };
		F7A9C8312FA4F0000D1CA45 /* Textual in Frameworks */ = {isa = PBXBuildFile; productRef = F7A9C8302FA4F0000D1CA45 /* Textual */; };
		9DF717F9D42D4B4790B459AA /* Markdown in Frameworks */ = {isa = PBXBuildFile; productRef = F7A9C8282FA4E97900D1CA45 /* Markdown */; };
		43261F664DA64D0C999A2AE6 /* CodeEditor in Frameworks */ = {isa = PBXBuildFile; productRef = F7A9C82B2FA4E9B500D1CA45 /* CodeEditor */; };
		CF59A9483FB74464B2154E92 /* KeychainAccess in Frameworks */ = {isa = PBXBuildFile; productRef = F7A9C82E2FA4E9F800D1CA45 /* KeychainAccess */; };
		980490517B50481D8515BEED /* Textual in Frameworks */ = {isa = PBXBuildFile; productRef = F7A9C8302FA4F0000D1CA45 /* Textual */; };
/* End PBXBuildFile section */

/* Begin PBXFileReference section */
		F7A9C8192FA4E92700D1CA45 /* ZenKith.app */ = {isa = PBXFileReference; explicitFileType = wrapper.application; includeInIndex = 0; path = ZenKith.app; sourceTree = BUILT_PRODUCTS_DIR; };
		4887AEFC561645A1939FC3FE /* ZenKithTests.xctest */ = {isa = PBXFileReference; explicitFileType = wrapper.cfbundle; includeInIndex = 0; path = ZenKithTests.xctest; sourceTree = BUILT_PRODUCTS_DIR; };
/* End PBXFileReference section */

/* Begin PBXFileSystemSynchronizedRootGroup section */
		F7A9C81B2FA4E92700D1CA45 /* ZenKith */ = {
			isa = PBXFileSystemSynchronizedRootGroup;
			path = ZenKith;
			sourceTree = "<group>";
		};
		9EDE2950FCD44A359D4940BF /* ZenKithTests */ = {
			isa = PBXFileSystemSynchronizedRootGroup;
			path = ZenKithTests;
			sourceTree = "<group>";
		};
/* End PBXFileSystemSynchronizedRootGroup section */

/* Begin PBXFrameworksBuildPhase section */
		F7A9C8162FA4E92700D1CA45 /* Frameworks */ = {
			isa = PBXFrameworksBuildPhase;
			buildActionMask = 2147483647;
			files = (
				F7A9C82C2FA4E9B500D1CA45 /* CodeEditor in Frameworks */,
				F7A9C8292FA4E97900D1CA45 /* Markdown in Frameworks */,
				F7A9C82F2FA4E9F800D1CA45 /* KeychainAccess in Frameworks */,
				F7A9C8312FA4F0000D1CA45 /* Textual in Frameworks */,
			);
			runOnlyForDeploymentPostprocessing = 0;
		};
/* End PBXFrameworksBuildPhase section */
		BD614012220044E898D3CE05 /* Frameworks */ = {
			isa = PBXFrameworksBuildPhase;
			buildActionMask = 2147483647;
			files = (
				43261F664DA64D0C999A2AE6 /* CodeEditor in Frameworks */,
				9DF717F9D42D4B4790B459AA /* Markdown in Frameworks */,
				CF59A9483FB74464B2154E92 /* KeychainAccess in Frameworks */,
				980490517B50481D8515BEED /* Textual in Frameworks */,
			);
			runOnlyForDeploymentPostprocessing = 0;
		};


/* Begin PBXGroup section */
		F7A9C8102FA4E92700D1CA45 = {
			isa = PBXGroup;
			children = (
				F7A9C81B2FA4E92700D1CA45 /* ZenKith */,
				F7A9C81A2FA4E92700D1CA45 /* Products */,
			);
			sourceTree = "<group>";
		};
		F7A9C81A2FA4E92700D1CA45 /* Products */ = {
			isa = PBXGroup;
			children = (
				F7A9C8192FA4E92700D1CA45 /* ZenKith.app */,
				4887AEFC561645A1939FC3FE /* ZenKithTests.xctest */,
			);
			name = Products;
			sourceTree = "<group>";
		};
/* End PBXGroup section */

/* Begin PBXNativeTarget section */
		F7A9C8182FA4E92700D1CA45 /* ZenKith */ = {
			isa = PBXNativeTarget;
			buildConfigurationList = F7A9C8242FA4E92800D1CA45 /* Build configuration list for PBXNativeTarget "ZenKith" */;
			buildPhases = (
				F7A9C8152FA4E92700D1CA45 /* Sources */,
				F7A9C8162FA4E92700D1CA45 /* Frameworks */,
				F7A9C8172FA4E92700D1CA45 /* Resources */,
			);
			buildRules = (
			);
			dependencies = (
			);
			fileSystemSynchronizedGroups = (
				F7A9C81B2FA4E92700D1CA45 /* ZenKith */,
			);
			name = ZenKith;
			packageProductDependencies = (
				F7A9C8282FA4E97900D1CA45 /* Markdown */,
				F7A9C82B2FA4E9B500D1CA45 /* CodeEditor */,
				F7A9C82E2FA4E9F800D1CA45 /* KeychainAccess */,
				F7A9C8302FA4F0000D1CA45 /* Textual */,
			);
			productName = ZenKith;
			productReference = F7A9C8192FA4E92700D1CA45 /* ZenKith.app */;
			productType = "com.apple.product-type.application";
		};
		3580922C46A4478EB69F0BCB /* ZenKithTests */ = {
			isa = PBXNativeTarget;
			buildConfigurationList = 57D3DA999734453E8903AA2F /* Build configuration list for PBXNativeTarget "ZenKithTests" */;
			buildPhases = (
				4A65AA6A85E74FA4BE1CB9A3 /* Sources */,
				BD614012220044E898D3CE05 /* Frameworks */,
			);
			buildRules = (
			);
			dependencies = (
				89669A3EB95E4585BD3A1718 /* PBXTargetDependency */,
			);
			fileSystemSynchronizedGroups = (
				9EDE2950FCD44A359D4940BF /* ZenKithTests */,
			);
			name = ZenKithTests;
			packageProductDependencies = (
				F7A9C8282FA4E97900D1CA45 /* Markdown */,
				F7A9C82B2FA4E9B500D1CA45 /* CodeEditor */,
				F7A9C82E2FA4E9F800D1CA45 /* KeychainAccess */,
				F7A9C8302FA4F0000D1CA45 /* Textual */,
			);
			productName = ZenKithTests;
			productReference = 4887AEFC561645A1939FC3FE /* ZenKithTests.xctest */;
			productType = "com.apple.product-type.bundle.unit-test";
		};
/* End PBXNativeTarget section */

/* Begin PBXProject section */
		F7A9C8112FA4E92700D1CA45 /* Project object */ = {
			isa = PBXProject;
			attributes = {
				BuildIndependentTargetsInParallel = 1;
				LastSwiftUpdateCheck = 2640;
				LastUpgradeCheck = 2640;
				TargetAttributes = {
					F7A9C8182FA4E92700D1CA45 = {
						CreatedOnToolsVersion = 26.4.1;
					};
					3580922C46A4478EB69F0BCB = {
						CreatedOnToolsVersion = 26.4.1;
						TestTargetID = F7A9C8182FA4E92700D1CA45;
					};
				};
			};
			buildConfigurationList = F7A9C8142FA4E92700D1CA45 /* Build configuration list for PBXProject "ZenKith" */;
			developmentRegion = en;
			hasScannedForEncodings = 0;
			knownRegions = (
				en,
				Base,
			);
			mainGroup = F7A9C8102FA4E92700D1CA45;
			minimizedProjectReferenceProxies = 1;
			packageReferences = (
				F7A9C8272FA4E97900D1CA45 /* XCRemoteSwiftPackageReference "swift-markdown" */,
				F7A9C82A2FA4E9B500D1CA45 /* XCRemoteSwiftPackageReference "CodeEditor" */,
				F7A9C82D2FA4E9F800D1CA45 /* XCRemoteSwiftPackageReference "KeychainAccess" */,
				F7A9C82F2FA4F0000D1CA45 /* XCRemoteSwiftPackageReference "Textual" */,
			);
			preferredProjectObjectVersion = 77;
			productRefGroup = F7A9C81A2FA4E92700D1CA45 /* Products */;
			projectDirPath = "";
			projectRoot = "";
			targets = (
				F7A9C8182FA4E92700D1CA45 /* ZenKith */,
				3580922C46A4478EB69F0BCB /* ZenKithTests */,
			);
		};
/* End PBXProject section */

/* Begin PBXResourcesBuildPhase section */
		F7A9C8172FA4E92700D1CA45 /* Resources */ = {
			isa = PBXResourcesBuildPhase;
			buildActionMask = 2147483647;
			files = (
			);
			runOnlyForDeploymentPostprocessing = 0;
		};
/* End PBXResourcesBuildPhase section */

/* Begin PBXSourcesBuildPhase section */
		F7A9C8152FA4E92700D1CA45 /* Sources */ = {
			isa = PBXSourcesBuildPhase;
			buildActionMask = 2147483647;
			files = (
			);
			runOnlyForDeploymentPostprocessing = 0;
		};
		4A65AA6A85E74FA4BE1CB9A3 /* Sources */ = {
			isa = PBXSourcesBuildPhase;
			buildActionMask = 2147483647;
			files = (
			);
			runOnlyForDeploymentPostprocessing = 0;
		};
/* End PBXSourcesBuildPhase section */

/* Begin PBXTargetDependency section */
		89669A3EB95E4585BD3A1718 /* PBXTargetDependency */ = {
			isa = PBXTargetDependency;
			target = F7A9C8182FA4E92700D1CA45 /* ZenKith */;
		};
/* End PBXTargetDependency section */

/* Begin XCBuildConfiguration section */
		F7A9C8222FA4E92800D1CA45 /* Debug */ = {
			isa = XCBuildConfiguration;
			buildSettings = {
				ALWAYS_SEARCH_USER_PATHS = NO;
				ASSETCATALOG_COMPILER_GENERATE_SWIFT_ASSET_SYMBOL_EXTENSIONS = YES;
				CLANG_ANALYZER_NONNULL = YES;
				CLANG_ANALYZER_NUMBER_OBJECT_CONVERSION = YES_AGGRESSIVE;
				CLANG_CXX_LANGUAGE_STANDARD = "gnu++20";
				CLANG_ENABLE_MODULES = YES;
				CLANG_ENABLE_OBJC_ARC = YES;
				CLANG_ENABLE_OBJC_WEAK = YES;
				CLANG_WARN_BLOCK_CAPTURE_AUTORELEASING = YES;
				CLANG_WARN_BOOL_CONVERSION = YES;
				CLANG_WARN_COMMA = YES;
				CLANG_WARN_CONSTANT_CONVERSION = YES;
				CLANG_WARN_DEPRECATED_OBJC_IMPLEMENTATIONS = YES;
				CLANG_WARN_DIRECT_OBJC_ISA_USAGE = YES_ERROR;
				CLANG_WARN_DOCUMENTATION_COMMENTS = YES;
				CLANG_WARN_EMPTY_BODY = YES;
				CLANG_WARN_ENUM_CONVERSION = YES;
				CLANG_WARN_INFINITE_RECURSION = YES;
				CLANG_WARN_INT_CONVERSION = YES;
				CLANG_WARN_NON_LITERAL_NULL_CONVERSION = YES;
				CLANG_WARN_OBJC_IMPLICIT_RETAIN_SELF = YES;
				CLANG_WARN_OBJC_LITERAL_CONVERSION = YES;
				CLANG_WARN_OBJC_ROOT_CLASS = YES_ERROR;
				CLANG_WARN_QUOTED_INCLUDE_IN_FRAMEWORK_HEADER = YES;
				CLANG_WARN_RANGE_LOOP_ANALYSIS = YES;
				CLANG_WARN_STRICT_PROTOTYPES = YES;
				CLANG_WARN_SUSPICIOUS_MOVE = YES;
				CLANG_WARN_UNGUARDED_AVAILABILITY = YES_AGGRESSIVE;
				CLANG_WARN_UNREACHABLE_CODE = YES;
				CLANG_WARN__DUPLICATE_METHOD_MATCH = YES;
				COPY_PHASE_STRIP = NO;
				DEBUG_INFORMATION_FORMAT = dwarf;
				DEVELOPMENT_TEAM = YAQ48GV4VF;
				ENABLE_STRICT_OBJC_MSGSEND = YES;
				ENABLE_TESTABILITY = YES;
				ENABLE_USER_SCRIPT_SANDBOXING = YES;
				GCC_C_LANGUAGE_STANDARD = gnu17;
				GCC_DYNAMIC_NO_PIC = NO;
				GCC_NO_COMMON_BLOCKS = YES;
				GCC_OPTIMIZATION_LEVEL = 0;
				GCC_PREPROCESSOR_DEFINITIONS = (
					"DEBUG=1",
					"$(inherited)",
				);
				GCC_WARN_64_TO_32_BIT_CONVERSION = YES;
				GCC_WARN_ABOUT_RETURN_TYPE = YES_ERROR;
				GCC_WARN_UNDECLARED_SELECTOR = YES;
				GCC_WARN_UNINITIALIZED_AUTOS = YES_AGGRESSIVE;
				GCC_WARN_UNUSED_FUNCTION = YES;
				GCC_WARN_UNUSED_VARIABLE = YES;
				LOCALIZATION_PREFERS_STRING_CATALOGS = YES;
				MACOSX_DEPLOYMENT_TARGET = 26.4;
				MTL_ENABLE_DEBUG_INFO = INCLUDE_SOURCE;
				MTL_FAST_MATH = YES;
				ONLY_ACTIVE_ARCH = YES;
				SDKROOT = macosx;
				SWIFT_ACTIVE_COMPILATION_CONDITIONS = "DEBUG $(inherited)";
				SWIFT_OPTIMIZATION_LEVEL = "-Onone";
			};
			name = Debug;
		};
		F7A9C8232FA4E92800D1CA45 /* Release */ = {
			isa = XCBuildConfiguration;
			buildSettings = {
				ALWAYS_SEARCH_USER_PATHS = NO;
				ASSETCATALOG_COMPILER_GENERATE_SWIFT_ASSET_SYMBOL_EXTENSIONS = YES;
				CLANG_ANALYZER_NONNULL = YES;
				CLANG_ANALYZER_NUMBER_OBJECT_CONVERSION = YES_AGGRESSIVE;
				CLANG_CXX_LANGUAGE_STANDARD = "gnu++20";
				CLANG_ENABLE_MODULES = YES;
				CLANG_ENABLE_OBJC_ARC = YES;
				CLANG_ENABLE_OBJC_WEAK = YES;
				CLANG_WARN_BLOCK_CAPTURE_AUTORELEASING = YES;
				CLANG_WARN_BOOL_CONVERSION = YES;
				CLANG_WARN_COMMA = YES;
				CLANG_WARN_CONSTANT_CONVERSION = YES;
				CLANG_WARN_DEPRECATED_OBJC_IMPLEMENTATIONS = YES;
				CLANG_WARN_DIRECT_OBJC_ISA_USAGE = YES_ERROR;
				CLANG_WARN_DOCUMENTATION_COMMENTS = YES;
				CLANG_WARN_EMPTY_BODY = YES;
				CLANG_WARN_ENUM_CONVERSION = YES;
				CLANG_WARN_INFINITE_RECURSION = YES;
				CLANG_WARN_INT_CONVERSION = YES;
				CLANG_WARN_NON_LITERAL_NULL_CONVERSION = YES;
				CLANG_WARN_OBJC_IMPLICIT_RETAIN_SELF = YES;
				CLANG_WARN_OBJC_LITERAL_CONVERSION = YES;
				CLANG_WARN_OBJC_ROOT_CLASS = YES_ERROR;
				CLANG_WARN_QUOTED_INCLUDE_IN_FRAMEWORK_HEADER = YES;
				CLANG_WARN_RANGE_LOOP_ANALYSIS = YES;
				CLANG_WARN_STRICT_PROTOTYPES = YES;
				CLANG_WARN_SUSPICIOUS_MOVE = YES;
				CLANG_WARN_UNGUARDED_AVAILABILITY = YES_AGGRESSIVE;
				CLANG_WARN_UNREACHABLE_CODE = YES;
				CLANG_WARN__DUPLICATE_METHOD_MATCH = YES;
				COPY_PHASE_STRIP = NO;
				DEBUG_INFORMATION_FORMAT = "dwarf-with-dsym";
				DEVELOPMENT_TEAM = YAQ48GV4VF;
				ENABLE_NS_ASSERTIONS = NO;
				ENABLE_STRICT_OBJC_MSGSEND = YES;
				ENABLE_USER_SCRIPT_SANDBOXING = YES;
				GCC_C_LANGUAGE_STANDARD = gnu17;
				GCC_NO_COMMON_BLOCKS = YES;
				GCC_WARN_64_TO_32_BIT_CONVERSION = YES;
				GCC_WARN_ABOUT_RETURN_TYPE = YES_ERROR;
				GCC_WARN_UNDECLARED_SELECTOR = YES;
				GCC_WARN_UNINITIALIZED_AUTOS = YES_AGGRESSIVE;
				GCC_WARN_UNUSED_FUNCTION = YES;
				GCC_WARN_UNUSED_VARIABLE = YES;
				LOCALIZATION_PREFERS_STRING_CATALOGS = YES;
				MACOSX_DEPLOYMENT_TARGET = 26.4;
				MTL_ENABLE_DEBUG_INFO = NO;
				MTL_FAST_MATH = YES;
				SDKROOT = macosx;
				SWIFT_COMPILATION_MODE = wholemodule;
			};
			name = Release;
		};
		F7A9C8252FA4E92800D1CA45 /* Debug */ = {
			isa = XCBuildConfiguration;
			buildSettings = {
				ASSETCATALOG_COMPILER_APPICON_NAME = AppIcon;
				ASSETCATALOG_COMPILER_GLOBAL_ACCENT_COLOR_NAME = AccentColor;
				CODE_SIGN_STYLE = Automatic;
				COMBINE_HIDPI_IMAGES = YES;
				CURRENT_PROJECT_VERSION = 104;
				DEVELOPMENT_TEAM = YAQ48GV4VF;
				ENABLE_APP_SANDBOX = NO;
				ENABLE_HARDENED_RUNTIME = YES;
				ENABLE_PREVIEWS = YES;
				ENABLE_USER_SELECTED_FILES = readwrite;
				GENERATE_INFOPLIST_FILE = YES;
				INFOPLIST_KEY_NSHumanReadableCopyright = "";
				LD_RUNPATH_SEARCH_PATHS = (
					"$(inherited)",
					"@executable_path/../Frameworks",
				);
				MARKETING_VERSION = 1.0.3;
				PRODUCT_BUNDLE_IDENTIFIER = com.example.ZenKith;
				PRODUCT_NAME = "$(TARGET_NAME)";
				REGISTER_APP_GROUPS = YES;
				STRING_CATALOG_GENERATE_SYMBOLS = YES;
				SWIFT_APPROACHABLE_CONCURRENCY = YES;
				SWIFT_DEFAULT_ACTOR_ISOLATION = MainActor;
				SWIFT_EMIT_LOC_STRINGS = YES;
				SWIFT_UPCOMING_FEATURE_MEMBER_IMPORT_VISIBILITY = YES;
				SWIFT_VERSION = 5.0;
			};
			name = Debug;
		};
		F7A9C8262FA4E92800D1CA45 /* Release */ = {
			isa = XCBuildConfiguration;
			buildSettings = {
				ASSETCATALOG_COMPILER_APPICON_NAME = AppIcon;
				ASSETCATALOG_COMPILER_GLOBAL_ACCENT_COLOR_NAME = AccentColor;
				CODE_SIGN_STYLE = Automatic;
				COMBINE_HIDPI_IMAGES = YES;
				CURRENT_PROJECT_VERSION = 104;
				DEVELOPMENT_TEAM = YAQ48GV4VF;
				ENABLE_APP_SANDBOX = NO;
				ENABLE_HARDENED_RUNTIME = YES;
				ENABLE_PREVIEWS = YES;
				ENABLE_USER_SELECTED_FILES = readwrite;
				GENERATE_INFOPLIST_FILE = YES;
				INFOPLIST_KEY_NSHumanReadableCopyright = "";
				LD_RUNPATH_SEARCH_PATHS = (
					"$(inherited)",
					"@executable_path/../Frameworks",
				);
				MARKETING_VERSION = 1.0.3;
				PRODUCT_BUNDLE_IDENTIFIER = com.example.ZenKith;
				PRODUCT_NAME = "$(TARGET_NAME)";
				REGISTER_APP_GROUPS = YES;
				STRING_CATALOG_GENERATE_SYMBOLS = YES;
				SWIFT_APPROACHABLE_CONCURRENCY = YES;
				SWIFT_DEFAULT_ACTOR_ISOLATION = MainActor;
				SWIFT_EMIT_LOC_STRINGS = YES;
				SWIFT_UPCOMING_FEATURE_MEMBER_IMPORT_VISIBILITY = YES;
				SWIFT_VERSION = 5.0;
			};
			name = Release;
		};
		A793CDC3A63C4111B91F47DE /* Debug */ = {
			isa = XCBuildConfiguration;
			buildSettings = {
				BUNDLE_LOADER = "$(TEST_HOST)";
				COMBINE_HIDPI_IMAGES = YES;
				CURRENT_PROJECT_VERSION = 104;
				DEVELOPMENT_TEAM = YAQ48GV4VF;
				ENABLE_PREVIEWS = YES;
				GENERATE_INFOPLIST_FILE = YES;
				MACOSX_DEPLOYMENT_TARGET = 26.4;
				MARKETING_VERSION = "1.0.3";
				PRODUCT_BUNDLE_IDENTIFIER = com.example.ZenKithTests;
				PRODUCT_NAME = "$(TARGET_NAME)";
				STRING_CATALOG_GENERATE_SYMBOLS = YES;
				SWIFT_APPROACHABLE_CONCURRENCY = YES;
				SWIFT_EMIT_LOC_STRINGS = YES;
				SWIFT_UPCOMING_FEATURE_MEMBER_IMPORT_VISIBILITY = YES;
				SWIFT_VERSION = 5.0;
				TEST_HOST = "$(BUILT_PRODUCTS_DIR)/ZenKith.app/Contents/MacOS/ZenKith";
			};
			name = Debug;
		};
		106FC6C018CD43AAA39DFAE5 /* Release */ = {
			isa = XCBuildConfiguration;
			buildSettings = {
				BUNDLE_LOADER = "$(TEST_HOST)";
				COMBINE_HIDPI_IMAGES = YES;
				CURRENT_PROJECT_VERSION = 104;
				DEVELOPMENT_TEAM = YAQ48GV4VF;
				ENABLE_PREVIEWS = YES;
				GENERATE_INFOPLIST_FILE = YES;
				MACOSX_DEPLOYMENT_TARGET = 26.4;
				MARKETING_VERSION = "1.0.3";
				PRODUCT_BUNDLE_IDENTIFIER = com.example.ZenKithTests;
				PRODUCT_NAME = "$(TARGET_NAME)";
				STRING_CATALOG_GENERATE_SYMBOLS = YES;
				SWIFT_APPROACHABLE_CONCURRENCY = YES;
				SWIFT_EMIT_LOC_STRINGS = YES;
				SWIFT_UPCOMING_FEATURE_MEMBER_IMPORT_VISIBILITY = YES;
				SWIFT_VERSION = 5.0;
				TEST_HOST = "$(BUILT_PRODUCTS_DIR)/ZenKith.app/Contents/MacOS/ZenKith";
			};
			name = Release;
		};
/* End XCBuildConfiguration section */

/* Begin XCConfigurationList section */
		F7A9C8142FA4E92700D1CA45 /* Build configuration list for PBXProject "ZenKith" */ = {
			isa = XCConfigurationList;
			buildConfigurations = (
				F7A9C8222FA4E92800D1CA45 /* Debug */,
				F7A9C8232FA4E92800D1CA45 /* Release */,
			);
			defaultConfigurationIsVisible = 0;
			defaultConfigurationName = Release;
		};
		F7A9C8242FA4E92800D1CA45 /* Build configuration list for PBXNativeTarget "ZenKith" */ = {
			isa = XCConfigurationList;
			buildConfigurations = (
				F7A9C8252FA4E92800D1CA45 /* Debug */,
				F7A9C8262FA4E92800D1CA45 /* Release */,
			);
			defaultConfigurationIsVisible = 0;
			defaultConfigurationName = Release;
		};
		57D3DA999734453E8903AA2F /* Build configuration list for PBXNativeTarget "ZenKithTests" */ = {
			isa = XCConfigurationList;
			buildConfigurations = (
				A793CDC3A63C4111B91F47DE /* Debug */,
				106FC6C018CD43AAA39DFAE5 /* Release */,
			);
			defaultConfigurationIsVisible = 0;
			defaultConfigurationName = Release;
		};
/* End XCConfigurationList section */

/* Begin XCRemoteSwiftPackageReference section */
		F7A9C8272FA4E97900D1CA45 /* XCRemoteSwiftPackageReference "swift-markdown" */ = {
			isa = XCRemoteSwiftPackageReference;
			repositoryURL = "https://github.com/swiftlang/swift-markdown.git";
			requirement = {
				kind = upToNextMajorVersion;
				minimumVersion = 0.7.3;
			};
		};
		F7A9C82A2FA4E9B500D1CA45 /* XCRemoteSwiftPackageReference "CodeEditor" */ = {
			isa = XCRemoteSwiftPackageReference;
			repositoryURL = "https://github.com/ZeeZide/CodeEditor.git";
			requirement = {
				kind = upToNextMajorVersion;
				minimumVersion = 1.2.6;
			};
		};
		F7A9C82D2FA4E9F800D1CA45 /* XCRemoteSwiftPackageReference "KeychainAccess" */ = {
			isa = XCRemoteSwiftPackageReference;
			repositoryURL = "https://github.com/kishikawakatsumi/KeychainAccess.git";
			requirement = {
				branch = master;
				kind = branch;
			};
		};
		F7A9C82F2FA4F0000D1CA45 /* XCRemoteSwiftPackageReference "Textual" */ = {
			isa = XCRemoteSwiftPackageReference;
			repositoryURL = "https://github.com/gonzalezreal/Textual";
			requirement = {
				kind = upToNextMajorVersion;
				minimumVersion = 0.3.0;
			};
		};
/* End XCRemoteSwiftPackageReference section */

/* Begin XCSwiftPackageProductDependency section */
		F7A9C8282FA4E97900D1CA45 /* Markdown */ = {
			isa = XCSwiftPackageProductDependency;
			package = F7A9C8272FA4E97900D1CA45 /* XCRemoteSwiftPackageReference "swift-markdown" */;
			productName = Markdown;
		};
		F7A9C82B2FA4E9B500D1CA45 /* CodeEditor */ = {
			isa = XCSwiftPackageProductDependency;
			package = F7A9C82A2FA4E9B500D1CA45 /* XCRemoteSwiftPackageReference "CodeEditor" */;
			productName = CodeEditor;
		};
		F7A9C82E2FA4E9F800D1CA45 /* KeychainAccess */ = {
			isa = XCSwiftPackageProductDependency;
			package = F7A9C82D2FA4E9F800D1CA45 /* XCRemoteSwiftPackageReference "KeychainAccess" */;
			productName = KeychainAccess;
		};
		F7A9C8302FA4F0000D1CA45 /* Textual */ = {
			isa = XCSwiftPackageProductDependency;
			package = F7A9C82F2FA4F0000D1CA45 /* XCRemoteSwiftPackageReference "Textual" */;
			productName = Textual;
		};
/* End XCSwiftPackageProductDependency section */
	};
	rootObject = F7A9C8112FA4E92700D1CA45 /* Project object */;
}
